
Microsoft Visual Studio Solution File, Format Version 12.00
Project("{FAE04EC0-301F-11D3-BF4B-00C04F79EFBC}") = "SignalR-Chat.Backend", "SignalR-Chat.Backend\SignalR-Chat.Backend.csproj", "{BDE23223-16E6-468E-8BF3-FF2AA20A99E6}"
EndProject
Project("{FAE04EC0-301F-11D3-BF4B-00C04F79EFBC}") = "SignalR-Chat.Frontend", "SignalR-Chat.Frontend\SignalR-Chat.Frontend.csproj", "{B04011D8-0C2E-4BE2-8F80-537B4A1649D1}"
EndProject
Project("{FAE04EC0-301F-11D3-BF4B-00C04F79EFBC}") = "SignalR-Chat.Shared", "SignalR-Chat.Shared\SignalR-Chat.Shared.csproj", "{C7DF61D1-4138-4110-A21A-8B4E3FF6F184}"
EndProject
Global
	GlobalSection(SolutionConfigurationPlatforms) = preSolution
		Debug|Any CPU = Debug|Any CPU
		Release|Any CPU = Release|Any CPU
	EndGlobalSection
	GlobalSection(ProjectConfigurationPlatforms) = postSolution
		{BDE23223-16E6-468E-8BF3-FF2AA20A99E6}.Debug|Any CPU.ActiveCfg = Debug|Any CPU
		{BDE23223-16E6-468E-8BF3-FF2AA20A99E6}.Debug|Any CPU.Build.0 = Debug|Any CPU
		{BDE23223-16E6-468E-8BF3-FF2AA20A99E6}.Release|Any CPU.ActiveCfg = Release|Any CPU
		{BDE23223-16E6-468E-8BF3-FF2AA20A99E6}.Release|Any CPU.Build.0 = Release|Any CPU
		{B04011D8-0C2E-4BE2-8F80-537B4A1649D1}.Debug|Any CPU.ActiveCfg = Debug|Any CPU
		{B04011D8-0C2E-4BE2-8F80-537B4A1649D1}.Debug|Any CPU.Build.0 = Debug|Any CPU
		{B04011D8-0C2E-4BE2-8F80-537B4A1649D1}.Release|Any CPU.ActiveCfg = Release|Any CPU
		{B04011D8-0C2E-4BE2-8F80-537B4A1649D1}.Release|Any CPU.Build.0 = Release|Any CPU
		{C7DF61D1-4138-4110-A21A-8B4E3FF6F184}.Debug|Any CPU.ActiveCfg = Debug|Any CPU
		{C7DF61D1-4138-4110-A21A-8B4E3FF6F184}.Debug|Any CPU.Build.0 = Debug|Any CPU
		{C7DF61D1-4138-4110-A21A-8B4E3FF6F184}.Release|Any CPU.ActiveCfg = Release|Any CPU
		{C7DF61D1-4138-4110-A21A-8B4E3FF6F184}.Release|Any CPU.Build.0 = Release|Any CPU
	EndGlobalSection
EndGlobal
